
Microsoft Visual Studio Solution File, Format Version 12.00
# Visual Studio 15
Project("{FAE04EC0-301F-11D3-BF4B-00C04F79EFBC}") = "Assembly-CSharp", "Assembly-CSharp.csproj", "{E0E13557-59AA-2781-10BD-A641A81234DD}"
EndProject
Global
	GlobalSection(SolutionConfigurationPlatforms) = preSolution
		Debug|Any CPU = Debug|Any CPU
		Release|Any CPU = Release|Any CPU
	EndGlobalSection
	GlobalSection(ProjectConfigurationPlatforms) = postSolution
		{E0E13557-59AA-2781-10BD-A641A81234DD}.Debug|Any CPU.ActiveCfg = Debug|Any CPU
		{E0E13557-59AA-2781-10BD-A641A81234DD}.Debug|Any CPU.Build.0 = Debug|Any CPU
		{E0E13557-59AA-2781-10BD-A641A81234DD}.Release|Any CPU.ActiveCfg = Release|Any CPU
		{E0E13557-59AA-2781-10BD-A641A81234DD}.Release|Any CPU.Build.0 = Release|Any CPU
	EndGlobalSection
	GlobalSection(SolutionProperties) = preSolution
		HideSolutionNode = FALSE
	EndGlobalSection
EndGlobal
